// !$*UTF8*$!
{
	archiveVersion = 1;
	classes = {
	};
	objectVersion = 46;
	objects = {

/* Begin PBXBuildFile section */
		911C05C21B470D7200BFDCE6 /* AppDelegate.swift in Sources */ = {isa = PBXBuildFile; fileRef = 911C05C11B470D7200BFDCE6 /* AppDelegate.swift */; };
		911C05C41B470D7200BFDCE6 /* ViewController.swift in Sources */ = {isa = PBXBuildFile; fileRef = 911C05C31B470D7200BFDCE6 /* ViewController.swift */; };
		911C05C71B470D7200BFDCE6 /* Main.storyboard in Resources */ = {isa = PBXBuildFile; fileRef = 911C05C51B470D7200BFDCE6 /* Main.storyboard */; };
		911C05C91B470D7200BFDCE6 /* Images.xcassets in Resources */ = {isa = PBXBuildFile; fileRef = 911C05C81B470D7200BFDCE6 /* Images.xcassets */; };
		911C05CC1B470D7200BFDCE6 /* LaunchScreen.xib in Resources */ = {isa = PBXBuildFile; fileRef = 911C05CA1B470D7200BFDCE6 /* LaunchScreen.xib */; };
		911C05D81B470D7200BFDCE6 /* ICanHasSampleTests.swift in Sources */ = {isa = PBXBuildFile; fileRef = 911C05D71B470D7200BFDCE6 /* ICanHasSampleTests.swift */; };
		911C05E21B470D8900BFDCE6 /* ICanHas.swift in Sources */ = {isa = PBXBuildFile; fileRef = 911C05E11B470D8900BFDCE6 /* ICanHas.swift */; };
/* End PBXBuildFile section */

/* Begin PBXContainerItemProxy section */
		911C05D21B470D7200BFDCE6 /* PBXContainerItemProxy */ = {
			isa = PBXContainerItemProxy;
			containerPortal = 911C05B41B470D7200BFDCE6 /* Project object */;
			proxyType = 1;
			remoteGlobalIDString = 911C05BB1B470D7200BFDCE6;
			remoteInfo = ICanHasSample;
		};
/* End PBXContainerItemProxy section */

/* Begin PBXFileReference section */
		911C05BC1B470D7200BFDCE6 /* ICanHasSample.app */ = {isa = PBXFileReference; explicitFileType = wrapper.application; includeInIndex = 0; path = ICanHasSample.app; sourceTree = BUILT_PRODUCTS_DIR; };
		911C05C01B470D7200BFDCE6 /* Info.plist */ = {isa = PBXFileReference; lastKnownFileType = text.plist.xml; path = Info.plist; sourceTree = "<group>"; };
		911C05C11B470D7200BFDCE6 /* AppDelegate.swift */ = {isa = PBXFileReference; lastKnownFileType = sourcecode.swift; path = AppDelegate.swift; sourceTree = "<group>"; };
		911C05C31B470D7200BFDCE6 /* ViewController.swift */ = {isa = PBXFileReference; lastKnownFileType = sourcecode.swift; path = ViewController.swift; sourceTree = "<group>"; };
		911C05C61B470D7200BFDCE6 /* Base */ = {isa = PBXFileReference; lastKnownFileType = file.storyboard; name = Base; path = Base.lproj/Main.storyboard; sourceTree = "<group>"; };
		911C05C81B470D7200BFDCE6 /* Images.xcassets */ = {isa = PBXFileReference; lastKnownFileType = folder.assetcatalog; path = Images.xcassets; sourceTree = "<group>"; };
		911C05CB1B470D7200BFDCE6 /* Base */ = {isa = PBXFileReference; lastKnownFileType = file.xib; name = Base; path = Base.lproj/LaunchScreen.xib; sourceTree = "<group>"; };
		911C05D11B470D7200BFDCE6 /* ICanHasSampleTests.xctest */ = {isa = PBXFileReference; explicitFileType = wrapper.cfbundle; includeInIndex = 0; path = ICanHasSampleTests.xctest; sourceTree = BUILT_PRODUCTS_DIR; };
		911C05D61B470D7200BFDCE6 /* Info.plist */ = {isa = PBXFileReference; lastKnownFileType = text.plist.xml; path = Info.plist; sourceTree = "<group>"; };
		911C05D71B470D7200BFDCE6 /* ICanHasSampleTests.swift */ = {isa = PBXFileReference; lastKnownFileType = sourcecode.swift; path = ICanHasSampleTests.swift; sourceTree = "<group>"; };
		911C05E11B470D8900BFDCE6 /* ICanHas.swift */ = {isa = PBXFileReference; fileEncoding = 4; lastKnownFileType = sourcecode.swift; name = ICanHas.swift; path = ../ICanHas.swift; sourceTree = "<group>"; };
/* End PBXFileReference section */

/* Begin PBXFrameworksBuildPhase section */
		911C05B91B470D7200BFDCE6 /* Frameworks */ = {
			isa = PBXFrameworksBuildPhase;
			buildActionMask = 2147483647;
			files = (
			);
			runOnlyForDeploymentPostprocessing = 0;
		};
		911C05CE1B470D7200BFDCE6 /* Frameworks */ = {
			isa = PBXFrameworksBuildPhase;
			buildActionMask = 2147483647;
			files = (
			);
			runOnlyForDeploymentPostprocessing = 0;
		};
/* End PBXFrameworksBuildPhase section */

/* Begin PBXGroup section */
		911C05B31B470D7200BFDCE6 = {
			isa = PBXGroup;
			children = (
				911C05E11B470D8900BFDCE6 /* ICanHas.swift */,
				911C05BE1B470D7200BFDCE6 /* ICanHasSample */,
				911C05D41B470D7200BFDCE6 /* ICanHasSampleTests */,
				911C05BD1B470D7200BFDCE6 /* Products */,
			);
			sourceTree = "<group>";
		};
		911C05BD1B470D7200BFDCE6 /* Products */ = {
			isa = PBXGroup;
			children = (
				911C05BC1B470D7200BFDCE6 /* ICanHasSample.app */,
				911C05D11B470D7200BFDCE6 /* ICanHasSampleTests.xctest */,
			);
			name = Products;
			sourceTree = "<group>";
		};
		911C05BE1B470D7200BFDCE6 /* ICanHasSample */ = {
			isa = PBXGroup;
			children = (
				911C05C11B470D7200BFDCE6 /* AppDelegate.swift */,
				911C05C31B470D7200BFDCE6 /* ViewController.swift */,
				911C05C51B470D7200BFDCE6 /* Main.storyboard */,
				911C05C81B470D7200BFDCE6 /* Images.xcassets */,
				911C05CA1B470D7200BFDCE6 /* LaunchScreen.xib */,
				911C05BF1B470D7200BFDCE6 /* Supporting Files */,
			);
			path = ICanHasSample;
			sourceTree = "<group>";
		};
		911C05BF1B470D7200BFDCE6 /* Supporting Files */ = {
			isa = PBXGroup;
			children = (
				911C05C01B470D7200BFDCE6 /* Info.plist */,
			);
			name = "Supporting Files";
			sourceTree = "<group>";
		};
		911C05D41B470D7200BFDCE6 /* ICanHasSampleTests */ = {
			isa = PBXGroup;
			children = (
				911C05D71B470D7200BFDCE6 /* ICanHasSampleTests.swift */,
				911C05D51B470D7200BFDCE6 /* Supporting Files */,
			);
			path = ICanHasSampleTests;
			sourceTree = "<group>";
		};
		911C05D51B470D7200BFDCE6 /* Supporting Files */ = {
			isa = PBXGroup;
			children = (
				911C05D61B470D7200BFDCE6 /* Info.plist */,
			);
			name = "Supporting Files";
			sourceTree = "<group>";
		};
/* End PBXGroup section */

/* Begin PBXNativeTarget section */
		911C05BB1B470D7200BFDCE6 /* ICanHasSample */ = {
			isa = PBXNativeTarget;
			buildConfigurationList = 911C05DB1B470D7200BFDCE6 /* Build configuration list for PBXNativeTarget "ICanHasSample" */;
			buildPhases = (
				911C05B81B470D7200BFDCE6 /* Sources */,
				911C05B91B470D7200BFDCE6 /* Frameworks */,
				911C05BA1B470D7200BFDCE6 /* Resources */,
			);
			buildRules = (
			);
			dependencies = (
			);
			name = ICanHasSample;
			productName = ICanHasSample;
			productReference = 911C05BC1B470D7200BFDCE6 /* ICanHasSample.app */;
			productType = "com.apple.product-type.application";
		};
		911C05D01B470D7200BFDCE6 /* ICanHasSampleTests */ = {
			isa = PBXNativeTarget;
			buildConfigurationList = 911C05DE1B470D7200BFDCE6 /* Build configuration list for PBXNativeTarget "ICanHasSampleTests" */;
			buildPhases = (
				911C05CD1B470D7200BFDCE6 /* Sources */,
				911C05CE1B470D7200BFDCE6 /* Frameworks */,
				911C05CF1B470D7200BFDCE6 /* Resources */,
			);
			buildRules = (
			);
			dependencies = (
				911C05D31B470D7200BFDCE6 /* PBXTargetDependency */,
			);
			name = ICanHasSampleTests;
			productName = ICanHasSampleTests;
			productReference = 911C05D11B470D7200BFDCE6 /* ICanHasSampleTests.xctest */;
			productType = "com.apple.product-type.bundle.unit-test";
		};
/* End PBXNativeTarget section */

/* Begin PBXProject section */
		911C05B41B470D7200BFDCE6 /* Project object */ = {
			isa = PBXProject;
			attributes = {
				LastUpgradeCheck = 0630;
				ORGANIZATIONNAME = Relevant;
				TargetAttributes = {
					911C05BB1B470D7200BFDCE6 = {
						CreatedOnToolsVersion = 6.3.1;
						DevelopmentTeam = 782QU9NW59;
					};
					911C05D01B470D7200BFDCE6 = {
						CreatedOnToolsVersion = 6.3.1;
						TestTargetID = 911C05BB1B470D7200BFDCE6;
					};
				};
			};
			buildConfigurationList = 911C05B71B470D7200BFDCE6 /* Build configuration list for PBXProject "ICanHasSample" */;
			compatibilityVersion = "Xcode 3.2";
			developmentRegion = English;
			hasScannedForEncodings = 0;
			knownRegions = (
				en,
				Base,
			);
			mainGroup = 911C05B31B470D7200BFDCE6;
			productRefGroup = 911C05BD1B470D7200BFDCE6 /* Products */;
			projectDirPath = "";
			projectRoot = "";
			targets = (
				911C05BB1B470D7200BFDCE6 /* ICanHasSample */,
				911C05D01B470D7200BFDCE6 /* ICanHasSampleTests */,
			);
		};
/* End PBXProject section */

/* Begin PBXResourcesBuildPhase section */
		911C05BA1B470D7200BFDCE6 /* Resources */ = {
			isa = PBXResourcesBuildPhase;
			buildActionMask = 2147483647;
			files = (
				911C05C71B470D7200BFDCE6 /* Main.storyboard in Resources */,
				911C05CC1B470D7200BFDCE6 /* LaunchScreen.xib in Resources */,
				911C05C91B470D7200BFDCE6 /* Images.xcassets in Resources */,
			);
			runOnlyForDeploymentPostprocessing = 0;
		};
		911C05CF1B470D7200BFDCE6 /* Resources */ = {
			isa = PBXResourcesBuildPhase;
			buildActionMask = 2147483647;
			files = (
			);
			runOnlyForDeploymentPostprocessing = 0;
		};
/* End PBXResourcesBuildPhase section */

/* Begin PBXSourcesBuildPhase section */
		911C05B81B470D7200BFDCE6 /* Sources */ = {
			isa = PBXSourcesBuildPhase;
			buildActionMask = 2147483647;
			files = (
				911C05E21B470D8900BFDCE6 /* ICanHas.swift in Sources */,
				911C05C41B470D7200BFDCE6 /* ViewController.swift in Sources */,
				911C05C21B470D7200BFDCE6 /* AppDelegate.swift in Sources */,
			);
			runOnlyForDeploymentPostprocessing = 0;
		};
		911C05CD1B470D7200BFDCE6 /* Sources */ = {
			isa = PBXSourcesBuildPhase;
			buildActionMask = 2147483647;
			files = (
				911C05D81B470D7200BFDCE6 /* ICanHasSampleTests.swift in Sources */,
			);
			runOnlyForDeploymentPostprocessing = 0;
		};
/* End PBXSourcesBuildPhase section */

/* Begin PBXTargetDependency section */
		911C05D31B470D7200BFDCE6 /* PBXTargetDependency */ = {
			isa = PBXTargetDependency;
			target = 911C05BB1B470D7200BFDCE6 /* ICanHasSample */;
			targetProxy = 911C05D21B470D7200BFDCE6 /* PBXContainerItemProxy */;
		};
/* End PBXTargetDependency section */

/* Begin PBXVariantGroup section */
		911C05C51B470D7200BFDCE6 /* Main.storyboard */ = {
			isa = PBXVariantGroup;
			children = (
				911C05C61B470D7200BFDCE6 /* Base */,
			);
			name = Main.storyboard;
			sourceTree = "<group>";
		};
		911C05CA1B470D7200BFDCE6 /* LaunchScreen.xib */ = {
			isa = PBXVariantGroup;
			children = (
				911C05CB1B470D7200BFDCE6 /* Base */,
			);
			name = LaunchScreen.xib;
			sourceTree = "<group>";
		};
/* End PBXVariantGroup section */

/* Begin XCBuildConfiguration section */
		911C05D91B470D7200BFDCE6 /* Debug */ = {
			isa = XCBuildConfiguration;
			buildSettings = {
				ALWAYS_SEARCH_USER_PATHS = NO;
				CLANG_CXX_LANGUAGE_STANDARD = "gnu++0x";
				CLANG_CXX_LIBRARY = "libc++";
				CLANG_ENABLE_MODULES = YES;
				CLANG_ENABLE_OBJC_ARC = YES;
				CLANG_WARN_BOOL_CONVERSION = YES;
				CLANG_WARN_CONSTANT_CONVERSION = YES;
				CLANG_WARN_DIRECT_OBJC_ISA_USAGE = YES_ERROR;
				CLANG_WARN_EMPTY_BODY = YES;
				CLANG_WARN_ENUM_CONVERSION = YES;
				CLANG_WARN_INT_CONVERSION = YES;
				CLANG_WARN_OBJC_ROOT_CLASS = YES_ERROR;
				CLANG_WARN_UNREACHABLE_CODE = YES;
				CLANG_WARN__DUPLICATE_METHOD_MATCH = YES;
				CODE_SIGN_IDENTITY = "iPhone Developer: Adolfo Rodriguez (6YJ93W639A)";
				"CODE_SIGN_IDENTITY[sdk=iphoneos*]" = "iPhone Developer: Adolfo Rodriguez (6YJ93W639A)";
				COPY_PHASE_STRIP = NO;
				DEBUG_INFORMATION_FORMAT = "dwarf-with-dsym";
				ENABLE_STRICT_OBJC_MSGSEND = YES;
				GCC_C_LANGUAGE_STANDARD = gnu99;
				GCC_DYNAMIC_NO_PIC = NO;
				GCC_NO_COMMON_BLOCKS = YES;
				GCC_OPTIMIZATION_LEVEL = 0;
				GCC_PREPROCESSOR_DEFINITIONS = (
					"DEBUG=1",
					"$(inherited)",
				);
				GCC_SYMBOLS_PRIVATE_EXTERN = NO;
				GCC_WARN_64_TO_32_BIT_CONVERSION = YES;
				GCC_WARN_ABOUT_RETURN_TYPE = YES_ERROR;
				GCC_WARN_UNDECLARED_SELECTOR = YES;
				GCC_WARN_UNINITIALIZED_AUTOS = YES_AGGRESSIVE;
				GCC_WARN_UNUSED_FUNCTION = YES;
				GCC_WARN_UNUSED_VARIABLE = YES;
				IPHONEOS_DEPLOYMENT_TARGET = 8.3;
				MTL_ENABLE_DEBUG_INFO = YES;
				ONLY_ACTIVE_ARCH = YES;
				PROVISIONING_PROFILE = "189afe3e-33fb-4632-ba03-bcc7eb3ff3d3";
				SDKROOT = iphoneos;
				SWIFT_OPTIMIZATION_LEVEL = "-Onone";
				TARGETED_DEVICE_FAMILY = "1,2";
			};
			name = Debug;
		};
		911C05DA1B470D7200BFDCE6 /* Release */ = {
			isa = XCBuildConfiguration;
			buildSettings = {
				ALWAYS_SEARCH_USER_PATHS = NO;
				CLANG_CXX_LANGUAGE_STANDARD = "gnu++0x";
				CLANG_CXX_LIBRARY = "libc++";
				CLANG_ENABLE_MODULES = YES;
				CLANG_ENABLE_OBJC_ARC = YES;
				CLANG_WARN_BOOL_CONVERSION = YES;
				CLANG_WARN_CONSTANT_CONVERSION = YES;
				CLANG_WARN_DIRECT_OBJC_ISA_USAGE = YES_ERROR;
				CLANG_WARN_EMPTY_BODY = YES;
				CLANG_WARN_ENUM_CONVERSION = YES;
				CLANG_WARN_INT_CONVERSION = YES;
				CLANG_WARN_OBJC_ROOT_CLASS = YES_ERROR;
				CLANG_WARN_UNREACHABLE_CODE = YES;
				CLANG_WARN__DUPLICATE_METHOD_MATCH = YES;
				CODE_SIGN_IDENTITY = "iPhone Developer: Adolfo Rodriguez (6YJ93W639A)";
				"CODE_SIGN_IDENTITY[sdk=iphoneos*]" = "iPhone Developer: Adolfo Rodriguez (6YJ93W639A)";
				COPY_PHASE_STRIP = NO;
				DEBUG_INFORMATION_FORMAT = "dwarf-with-dsym";
				ENABLE_NS_ASSERTIONS = NO;
				ENABLE_STRICT_OBJC_MSGSEND = YES;
				GCC_C_LANGUAGE_STANDARD = gnu99;
				GCC_NO_COMMON_BLOCKS = YES;
				GCC_WARN_64_TO_32_BIT_CONVERSION = YES;
				GCC_WARN_ABOUT_RETURN_TYPE = YES_ERROR;
				GCC_WARN_UNDECLARED_SELECTOR = YES;
				GCC_WARN_UNINITIALIZED_AUTOS = YES_AGGRESSIVE;
				GCC_WARN_UNUSED_FUNCTION = YES;
				GCC_WARN_UNUSED_VARIABLE = YES;
				IPHONEOS_DEPLOYMENT_TARGET = 8.3;
				MTL_ENABLE_DEBUG_INFO = NO;
				PROVISIONING_PROFILE = "189afe3e-33fb-4632-ba03-bcc7eb3ff3d3";
				SDKROOT = iphoneos;
				TARGETED_DEVICE_FAMILY = "1,2";
				VALIDATE_PRODUCT = YES;
			};
			name = Release;
		};
		911C05DC1B470D7200BFDCE6 /* Debug */ = {
			isa = XCBuildConfiguration;
			buildSettings = {
				ASSETCATALOG_COMPILER_APPICON_NAME = AppIcon;
				CODE_SIGN_IDENTITY = "iPhone Developer: Adolfo Rodriguez (6YJ93W639A)";
				INFOPLIST_FILE = ICanHasSample/Info.plist;
				IPHONEOS_DEPLOYMENT_TARGET = 8.0;
				LD_RUNPATH_SEARCH_PATHS = "$(inherited) @executable_path/Frameworks";
				PRODUCT_NAME = "$(TARGET_NAME)";
				PROVISIONING_PROFILE = "3f6f85f5-f416-42cd-b1d8-5cd22887caf9";
			};
			name = Debug;
		};
		911C05DD1B470D7200BFDCE6 /* Release */ = {
			isa = XCBuildConfiguration;
			buildSettings = {
				ASSETCATALOG_COMPILER_APPICON_NAME = AppIcon;
				CODE_SIGN_IDENTITY = "iPhone Developer: Adolfo Rodriguez (6YJ93W639A)";
				INFOPLIST_FILE = ICanHasSample/Info.plist;
				IPHONEOS_DEPLOYMENT_TARGET = 8.0;
				LD_RUNPATH_SEARCH_PATHS = "$(inherited) @executable_path/Frameworks";
				PRODUCT_NAME = "$(TARGET_NAME)";
				PROVISIONING_PROFILE = "3f6f85f5-f416-42cd-b1d8-5cd22887caf9";
			};
			name = Release;
		};
		911C05DF1B470D7200BFDCE6 /* Debug */ = {
			isa = XCBuildConfiguration;
			buildSettings = {
				BUNDLE_LOADER = "$(TEST_HOST)";
				FRAMEWORK_SEARCH_PATHS = (
					"$(SDKROOT)/Developer/Library/Frameworks",
					"$(inherited)",
				);
				GCC_PREPROCESSOR_DEFINITIONS = (
					"DEBUG=1",
					"$(inherited)",
				);
				INFOPLIST_FILE = ICanHasSampleTests/Info.plist;
				LD_RUNPATH_SEARCH_PATHS = "$(inherited) @executable_path/Frameworks @loader_path/Frameworks";
				PRODUCT_NAME = "$(TARGET_NAME)";
				PROVISIONING_PROFILE = "1e484442-6fd8-4d2f-873f-821eea50105c";
				TEST_HOST = "$(BUILT_PRODUCTS_DIR)/ICanHasSample.app/ICanHasSample";
			};
			name = Debug;
		};
		911C05E01B470D7200BFDCE6 /* Release */ = {
			isa = XCBuildConfiguration;
			buildSettings = {
				BUNDLE_LOADER = "$(TEST_HOST)";
				FRAMEWORK_SEARCH_PATHS = (
					"$(SDKROOT)/Developer/Library/Frameworks",
					"$(inherited)",
				);
				INFOPLIST_FILE = ICanHasSampleTests/Info.plist;
				LD_RUNPATH_SEARCH_PATHS = "$(inherited) @executable_path/Frameworks @loader_path/Frameworks";
				PRODUCT_NAME = "$(TARGET_NAME)";
				PROVISIONING_PROFILE = "1e484442-6fd8-4d2f-873f-821eea50105c";
				TEST_HOST = "$(BUILT_PRODUCTS_DIR)/ICanHasSample.app/ICanHasSample";
			};
			name = Release;
		};
/* End XCBuildConfiguration section */

/* Begin XCConfigurationList section */
		911C05B71B470D7200BFDCE6 /* Build configuration list for PBXProject "ICanHasSample" */ = {
			isa = XCConfigurationList;
			buildConfigurations = (
				911C05D91B470D7200BFDCE6 /* Debug */,
				911C05DA1B470D7200BFDCE6 /* Release */,
			);
			defaultConfigurationIsVisible = 0;
			defaultConfigurationName = Release;
		};
		911C05DB1B470D7200BFDCE6 /* Build configuration list for PBXNativeTarget "ICanHasSample" */ = {
			isa = XCConfigurationList;
			buildConfigurations = (
				911C05DC1B470D7200BFDCE6 /* Debug */,
				911C05DD1B470D7200BFDCE6 /* Release */,
			);
			defaultConfigurationIsVisible = 0;
			defaultConfigurationName = Release;
		};
		911C05DE1B470D7200BFDCE6 /* Build configuration list for PBXNativeTarget "ICanHasSampleTests" */ = {
			isa = XCConfigurationList;
			buildConfigurations = (
				911C05DF1B470D7200BFDCE6 /* Debug */,
				911C05E01B470D7200BFDCE6 /* Release */,
			);
			defaultConfigurationIsVisible = 0;
			defaultConfigurationName = Release;
		};
/* End XCConfigurationList section */
	};
	rootObject = 911C05B41B470D7200BFDCE6 /* Project object */;
}
